
Microsoft Visual Studio Solution File, Format Version 12.00
# Visual Studio 2013
VisualStudioVersion = 12.0.31101.0
MinimumVisualStudioVersion = 10.0.40219.1
Project("{FAE04EC0-301F-11D3-BF4B-00C04F79EFBC}") = "DuplicateContentIncludeDetector", "DuplicateContentIncludeDetector\DuplicateContentIncludeDetector.csproj", "{59BFD01E-1E27-4D0D-A06D-E9F4744E72ED}"
EndProject
Project("{FAE04EC0-301F-11D3-BF4B-00C04F79EFBC}") = "ForgottenFilesDetector", "ForgottenFilesDetector\ForgottenFilesDetector.csproj", "{3AA51E1D-3B22-49E9-B34C-FEC18694FFE0}"
EndProject
Global
	GlobalSection(SolutionConfigurationPlatforms) = preSolution
		Debug|Any CPU = Debug|Any CPU
		Release|Any CPU = Release|Any CPU
	EndGlobalSection
	GlobalSection(ProjectConfigurationPlatforms) = postSolution
		{59BFD01E-1E27-4D0D-A06D-E9F4744E72ED}.Debug|Any CPU.ActiveCfg = Debug|Any CPU
		{59BFD01E-1E27-4D0D-A06D-E9F4744E72ED}.Debug|Any CPU.Build.0 = Debug|Any CPU
		{59BFD01E-1E27-4D0D-A06D-E9F4744E72ED}.Release|Any CPU.ActiveCfg = Release|Any CPU
		{59BFD01E-1E27-4D0D-A06D-E9F4744E72ED}.Release|Any CPU.Build.0 = Release|Any CPU
		{3AA51E1D-3B22-49E9-B34C-FEC18694FFE0}.Debug|Any CPU.ActiveCfg = Debug|Any CPU
		{3AA51E1D-3B22-49E9-B34C-FEC18694FFE0}.Debug|Any CPU.Build.0 = Debug|Any CPU
		{3AA51E1D-3B22-49E9-B34C-FEC18694FFE0}.Release|Any CPU.ActiveCfg = Release|Any CPU
		{3AA51E1D-3B22-49E9-B34C-FEC18694FFE0}.Release|Any CPU.Build.0 = Release|Any CPU
	EndGlobalSection
	GlobalSection(SolutionProperties) = preSolution
		HideSolutionNode = FALSE
	EndGlobalSection
EndGlobal
